
Microsoft Visual Studio Solution File, Format Version 12.00
# Visual Studio Version 17
VisualStudioVersion = 17.9.34902.65
MinimumVisualStudioVersion = 10.0.40219.1
Project("{9A19103F-16F7-4668-BE54-9A1E7A4F7556}") = "Back", "Back\Back.csproj", "{7753F377-97A2-4758-B083-AE985FBECF5C}"
EndProject
Project("{9A19103F-16F7-4668-BE54-9A1E7A4F7556}") = "WebApp", "WebApp\WebApp.csproj", "{6FDD0E3A-B525-4E78-814D-D560F1ABC87B}"
EndProject
Project("{9A19103F-16F7-4668-BE54-9A1E7A4F7556}") = "API", "API\API.csproj", "{C9356C8E-BA24-4546-81A0-BCB7FD87C82E}"
EndProject
Global
	GlobalSection(SolutionConfigurationPlatforms) = preSolution
		Debug|Any CPU = Debug|Any CPU
		Release|Any CPU = Release|Any CPU
	EndGlobalSection
	GlobalSection(ProjectConfigurationPlatforms) = postSolution
		{7753F377-97A2-4758-B083-AE985FBECF5C}.Debug|Any CPU.ActiveCfg = Debug|Any CPU
		{7753F377-97A2-4758-B083-AE985FBECF5C}.Debug|Any CPU.Build.0 = Debug|Any CPU
		{7753F377-97A2-4758-B083-AE985FBECF5C}.Release|Any CPU.ActiveCfg = Release|Any CPU
		{7753F377-97A2-4758-B083-AE985FBECF5C}.Release|Any CPU.Build.0 = Release|Any CPU
		{6FDD0E3A-B525-4E78-814D-D560F1ABC87B}.Debug|Any CPU.ActiveCfg = Debug|Any CPU
		{6FDD0E3A-B525-4E78-814D-D560F1ABC87B}.Debug|Any CPU.Build.0 = Debug|Any CPU
		{6FDD0E3A-B525-4E78-814D-D560F1ABC87B}.Release|Any CPU.ActiveCfg = Release|Any CPU
		{6FDD0E3A-B525-4E78-814D-D560F1ABC87B}.Release|Any CPU.Build.0 = Release|Any CPU
		{C9356C8E-BA24-4546-81A0-BCB7FD87C82E}.Debug|Any CPU.ActiveCfg = Debug|Any CPU
		{C9356C8E-BA24-4546-81A0-BCB7FD87C82E}.Debug|Any CPU.Build.0 = Debug|Any CPU
		{C9356C8E-BA24-4546-81A0-BCB7FD87C82E}.Release|Any CPU.ActiveCfg = Release|Any CPU
		{C9356C8E-BA24-4546-81A0-BCB7FD87C82E}.Release|Any CPU.Build.0 = Release|Any CPU
	EndGlobalSection
	GlobalSection(SolutionProperties) = preSolution
		HideSolutionNode = FALSE
	EndGlobalSection
	GlobalSection(ExtensibilityGlobals) = postSolution
		SolutionGuid = {7AD95F97-E713-40B4-923E-33C5F8D56B20}
	EndGlobalSection
EndGlobal
